{
  "name": "@pokimate/db",
  "version": "0.0.1",
  "lockfileVersion": 3,
  "requires": true,
  "packages": {
    "": {
      "name": "@pokimate/db",
      "version": "0.0.1",
      "devDependencies": {
        "bcryptjs": "^2.4.3",
        "sql.js": "^1.14.1"
      }
    },
    "node_modules/bcryptjs": {
      "version": "2.4.3",
      "resolved": "https://registry.npmjs.org/bcryptjs/-/bcryptjs-2.4.3.tgz",
      "integrity": "sha512-V/Hy/X9Vt7f3BbPJEi8BdVFMByHi+jNXrYkW3huaybV/kQ0KJg0Y6PkEMbn+zeT+i+SiKZ/HMqJGIIt4LZDqNQ==",
      "dev": true,
      "license": "MIT"
    },
    "node_modules/sql.js": {
      "version": "1.14.1",
      "resolved": "https://registry.npmjs.org/sql.js/-/sql.js-1.14.1.tgz",
      "integrity": "sha512-gcj8zBWU5cFsi9WUP+4bFNXAyF1iRpA3LLyS/DP5xlrNzGmPIizUeBggKa8DbDwdqaKwUcTEnChtd2grWo/x/A==",
      "dev": true,
      "license": "MIT"
    }
  }
}
